{
  "requires": true,
  "lockfileVersion": 1,
  "dependencies": {
    "@types/googlemaps": {
      "version": "3.30.20",
      "resolved": "https://registry.npmjs.org/@types/googlemaps/-/googlemaps-3.30.20.tgz",
      "integrity": "sha512-cTTLBYt6DNKMi359Tg2QndRUbgxvsOcSlFWBDL3OWI/VP7/od4TD6vrmO8ADYdr5elYF/az0frKXi9bddKeMgA=="
    },
    "typescript": {
      "version": "4.5.4",
      "resolved": "https://registry.npmjs.org/typescript/-/typescript-4.5.4.tgz",
      "integrity": "sha512-VgYs2A2QIRuGphtzFV7aQJduJ2gyfTljngLzjpfW9FoYZF6xuw1W0vW9ghCKLfcWrCFxK81CSGRAvS1pn4fIUg==",
      "dev": true
    }
  }
}
